
Microsoft Visual Studio Solution File, Format Version 12.00
# Visual Studio Version 17
VisualStudioVersion = 17.5.33516.290
MinimumVisualStudioVersion = 10.0.40219.1
Project("{FAE04EC0-301F-11D3-BF4B-00C04F79EFBC}") = "FirstApp", "FirstApp\FirstApp.csproj", "{9E1A9C2E-7075-4965-A6F6-E0D04A1961DA}"
EndProject
Global
	GlobalSection(SolutionConfigurationPlatforms) = preSolution
		Debug|Any CPU = Debug|Any CPU
		Release|Any CPU = Release|Any CPU
	EndGlobalSection
	GlobalSection(ProjectConfigurationPlatforms) = postSolution
		{9E1A9C2E-7075-4965-A6F6-E0D04A1961DA}.Debug|Any CPU.ActiveCfg = Debug|Any CPU
		{9E1A9C2E-7075-4965-A6F6-E0D04A1961DA}.Debug|Any CPU.Build.0 = Debug|Any CPU
		{9E1A9C2E-7075-4965-A6F6-E0D04A1961DA}.Release|Any CPU.ActiveCfg = Release|Any CPU
		{9E1A9C2E-7075-4965-A6F6-E0D04A1961DA}.Release|Any CPU.Build.0 = Release|Any CPU
	EndGlobalSection
	GlobalSection(SolutionProperties) = preSolution
		HideSolutionNode = FALSE
	EndGlobalSection
	GlobalSection(ExtensibilityGlobals) = postSolution
		SolutionGuid = {56A171A6-45CE-4AB6-90C3-0A2B71C4EA7B}
	EndGlobalSection
EndGlobal
